<Solution>
  <Folder Name="/src/" />
  <Folder Name="/src/ApiGateway/">
    <Project Path="src/ApiGateway/ApiGateway/ApiGateway.csproj" Id="e93cd10e-6054-40ca-94d1-595ba4abc880" />
  </Folder>
  <Folder Name="/src/BuildingBlocks/">
    <Project Path="src/BuildingBlocks/BuildingBlocks.Core/BuildingBlocks.Core.csproj" Id="33f6e09c-416c-4e23-bbe4-1da32de5e7dc" />
    <Project Path="src/BuildingBlocks/BuildingBlocks.CrossCutting/BuildingBlocks.CrossCutting.csproj" Id="0e46f020-7c14-4fe5-90df-5ab73824b676" />
    <Project Path="src/BuildingBlocks/BuildingBlocks.Infrastructure/BuildingBlocks.Infrastructure.csproj" Id="2654c2d6-01ee-4d30-9be0-5cdd8ce01563" />
    <Project Path="src/BuildingBlocks/BuildingBlocks.Logging/BuildingBlocks.Logging.csproj" Id="b1cbac0e-ab25-41e9-8cfc-dfd84001e97e" />
    <Project Path="src/BuildingBlocks/BuildingBlocks.Messaging/BuildingBlocks.Messaging.csproj" Id="76065622-9ed5-4234-84bc-a277d1842356" />
    <Project Path="src/BuildingBlocks/BuildingBlocks.Security/BuildingBlocks.Security.csproj" Id="94be6f9d-7e63-4138-9b9f-ed4fee009d23" />
  </Folder>
  <Folder Name="/src/Services/" />
  <Folder Name="/src/Services/Basket/">
    <Project Path="src/Services/Basket/Basket.API/Basket.API.csproj" Id="8473d85f-d53f-4fa4-b686-d53d5ce071cb" />
    <Project Path="src/Services/Basket/Basket.Application/Basket.Application.csproj" Id="88b12e53-e961-4a8c-9ca9-7b2ba5cca83f" />
    <Project Path="src/Services/Basket/Basket.Domain/Basket.Domain.csproj" Id="f336af87-6e67-41d1-8d60-28dd3dc93a41" />
    <Project Path="src/Services/Basket/Basket.Infrastructure/Basket.Infrastructure.csproj" Id="52b4d329-360a-4bb9-9e55-e54989600ed0" />
  </Folder>
  <Folder Name="/src/Services/Catalog/">
    <Project Path="src/Services/Catalog/Catalog.API/Catalog.API.csproj" Id="09856c6a-421b-4d53-aa9c-97bfef2e204f" />
    <Project Path="src/Services/Catalog/Catalog.Application/Catalog.Application.csproj" Id="abddb19d-c405-4fca-ab88-8ebc805f9921" />
    <Project Path="src/Services/Catalog/Catalog.Domain/Catalog.Domain.csproj" Id="b2c8e75a-7d93-4cbd-bbb6-005b1405771f" />
    <Project Path="src/Services/Catalog/Catalog.Infrastructure/Catalog.Infrastructure.csproj" Id="4f5d2ae5-a0b4-4c08-9b87-441f4bb80882" />
  </Folder>
  <Folder Name="/src/Services/Identity/">
    <Project Path="src/Services/Identity/Identity.API/Identity.API.csproj" Id="bb16ca27-d4ff-4362-a2e6-83a2249e6a18" />
    <Project Path="src/Services/Identity/Identity.Application/Identity.Application.csproj" Id="37ff45dc-e6f1-4761-8b03-a95504d692aa" />
    <Project Path="src/Services/Identity/Identity.Domain/Identity.Domain.csproj" Id="10bdd726-f3f6-4a96-8f67-dbe861e7786e" />
    <Project Path="src/Services/Identity/Identity.Infrastructure/Identity.Infrastructure.csproj" Id="12772a0d-dcf3-4e88-9f43-e7cd87ff3550" />
  </Folder>
  <Folder Name="/src/Services/Inventory/">
    <Project Path="src/Services/Inventory/Inventory.API/Inventory.API.csproj" Id="f650eb13-17fe-428f-9651-65b8dec6bf93" />
    <Project Path="src/Services/Inventory/Inventory.Application/Inventory.Application.csproj" Id="ed52e44a-1938-4900-9c92-98e8c9b21560" />
    <Project Path="src/Services/Inventory/Inventory.Domain/Inventory.Domain.csproj" Id="c7060331-b5b6-4f35-8249-fa657a476143" />
    <Project Path="src/Services/Inventory/Inventory.Infrastructure/Inventory.Infrastructure.csproj" Id="f71aa9f8-61b9-4c68-aa8b-2749d25b6596" />
  </Folder>
  <Folder Name="/src/Services/Notification/">
    <Project Path="src/Services/Notification/Notification.API/Notification.API.csproj" Id="0d3b0c0c-1267-4059-beaa-791e37c11c0c" />
    <Project Path="src/Services/Notification/Notification.Application/Notification.Application.csproj" Id="825efee4-6a25-4355-8d78-bda7d7f2bc7a" />
    <Project Path="src/Services/Notification/Notification.Domain/Notification.Domain.csproj" Id="32bef04e-3daa-407b-b87b-ba2893dfce33" />
    <Project Path="src/Services/Notification/Notification.Infrastructure/Notification.Infrastructure.csproj" Id="8b3a59ec-6f9e-4c8a-9c6a-24c74f0d9671" />
  </Folder>
  <Folder Name="/src/Services/Order/" />
</Solution>
